Microsoft Visual Studio Solution File, Format Version 12.00
# Visual Studio 15
VisualStudioVersion = 15.0.28307.106
MinimumVisualStudioVersion = 10.0.40219.1
Project("{9A19103F-16F7-4668-BE54-9A1E7A4F7556}") = "ListBox_Varying_Scrolling_Size_RT", "ListBox_Varying_Scrolling_Size_RT.csproj", "{9145D459-F4D3-C9CA-A913-68F26F818B1B}"
EndProject
Global
    GlobalSection(SolutionConfigurationPlatforms) = preSolution
        Debug|Any CPU = Debug|Any CPU
        Release|Any CPU = Release|Any CPU
    EndGlobalSection
    GlobalSection(ProjectConfigurationPlatforms) = postSolution
        {9145D459-F4D3-C9CA-A913-68F26F818B1B}.Debug|Any CPU.ActiveCfg = Debug|Any CPU
        {9145D459-F4D3-C9CA-A913-68F26F818B1B}.Debug|Any CPU.Build.0 = Debug|Any CPU
        {9145D459-F4D3-C9CA-A913-68F26F818B1B}.Release|Any CPU.ActiveCfg = Release|Any CPU
        {9145D459-F4D3-C9CA-A913-68F26F818B1B}.Release|Any CPU.Build.0 = Release|Any CPU
    EndGlobalSection
    GlobalSection(SolutionProperties) = preSolution
        HideSolutionNode = FALSE
    EndGlobalSection
EndGlobal
